
Microsoft Visual Studio Solution File, Format Version 12.00
# Visual Studio Version 17
VisualStudioVersion = 17.4.33403.182
MinimumVisualStudioVersion = 10.0.40219.1
Project("{FAE04EC0-301F-11D3-BF4B-00C04F79EFBC}") = "APIBackend", "APIBackend.csproj", "{9ED0B083-D543-4BB4-86AE-B7C3D2DBDBDF}"
EndProject
Global
	GlobalSection(SolutionConfigurationPlatforms) = preSolution
		Debug|Any CPU = Debug|Any CPU
		Release|Any CPU = Release|Any CPU
	EndGlobalSection
	GlobalSection(ProjectConfigurationPlatforms) = postSolution
		{9ED0B083-D543-4BB4-86AE-B7C3D2DBDBDF}.Debug|Any CPU.ActiveCfg = Debug|Any CPU
		{9ED0B083-D543-4BB4-86AE-B7C3D2DBDBDF}.Debug|Any CPU.Build.0 = Debug|Any CPU
		{9ED0B083-D543-4BB4-86AE-B7C3D2DBDBDF}.Release|Any CPU.ActiveCfg = Release|Any CPU
		{9ED0B083-D543-4BB4-86AE-B7C3D2DBDBDF}.Release|Any CPU.Build.0 = Release|Any CPU
	EndGlobalSection
	GlobalSection(SolutionProperties) = preSolution
		HideSolutionNode = FALSE
	EndGlobalSection
	GlobalSection(ExtensibilityGlobals) = postSolution
		SolutionGuid = {F232C13D-E817-4D6A-AF9A-1890C5B4BD7B}
	EndGlobalSection
EndGlobal
